
Microsoft Visual Studio Solution File, Format Version 12.00
# Visual Studio Version 17
VisualStudioVersion = 17.7.34202.233
MinimumVisualStudioVersion = 10.0.40219.1
Project("{FAE04EC0-301F-11D3-BF4B-00C04F79EFBC}") = "MaintenanceManagement", "MaintenanceManagement.csproj", "{289E7433-C1E0-40D0-84AC-2472D6AD1736}"
EndProject
Global
	GlobalSection(SolutionConfigurationPlatforms) = preSolution
		Debug|Any CPU = Debug|Any CPU
		Release|Any CPU = Release|Any CPU
	EndGlobalSection
	GlobalSection(ProjectConfigurationPlatforms) = postSolution
		{289E7433-C1E0-40D0-84AC-2472D6AD1736}.Debug|Any CPU.ActiveCfg = Debug|Any CPU
		{289E7433-C1E0-40D0-84AC-2472D6AD1736}.Debug|Any CPU.Build.0 = Debug|Any CPU
		{289E7433-C1E0-40D0-84AC-2472D6AD1736}.Release|Any CPU.ActiveCfg = Release|Any CPU
		{289E7433-C1E0-40D0-84AC-2472D6AD1736}.Release|Any CPU.Build.0 = Release|Any CPU
	EndGlobalSection
	GlobalSection(SolutionProperties) = preSolution
		HideSolutionNode = FALSE
	EndGlobalSection
	GlobalSection(ExtensibilityGlobals) = postSolution
		SolutionGuid = {1B008D94-29D8-4717-9269-FDABFBC3DD57}
	EndGlobalSection
EndGlobal
